// !$*UTF8*$!
{
	archiveVersion = 1;
	classes = {
	};
	objectVersion = 46;
	objects = {

/* Begin PBXBuildFile section */
		1376410219F38AD8003B647D /* LoginViewController.m in Sources */ = {isa = PBXBuildFile; fileRef = 1376410119F38AD8003B647D /* LoginViewController.m */; };
		1376410519F38AEE003B647D /* RegisterViewController.m in Sources */ = {isa = PBXBuildFile; fileRef = 1376410419F38AEE003B647D /* RegisterViewController.m */; };
		A70ACC8019F348B7009BAC9A /* AFHTTPClient.m in Sources */ = {isa = PBXBuildFile; fileRef = A70ACC6E19F348B7009BAC9A /* AFHTTPClient.m */; };
		A70ACC8119F348B7009BAC9A /* AFHTTPRequestOperation.m in Sources */ = {isa = PBXBuildFile; fileRef = A70ACC7019F348B7009BAC9A /* AFHTTPRequestOperation.m */; };
		A70ACC8219F348B7009BAC9A /* AFImageRequestOperation.m in Sources */ = {isa = PBXBuildFile; fileRef = A70ACC7219F348B7009BAC9A /* AFImageRequestOperation.m */; };
		A70ACC8319F348B7009BAC9A /* AFJSONRequestOperation.m in Sources */ = {isa = PBXBuildFile; fileRef = A70ACC7419F348B7009BAC9A /* AFJSONRequestOperation.m */; };
		A70ACC8419F348B7009BAC9A /* AFNetworkActivityIndicatorManager.m in Sources */ = {isa = PBXBuildFile; fileRef = A70ACC7619F348B7009BAC9A /* AFNetworkActivityIndicatorManager.m */; };
		A70ACC8519F348B7009BAC9A /* AFPropertyListRequestOperation.m in Sources */ = {isa = PBXBuildFile; fileRef = A70ACC7919F348B7009BAC9A /* AFPropertyListRequestOperation.m */; };
		A70ACC8619F348B7009BAC9A /* AFURLConnectionOperation.m in Sources */ = {isa = PBXBuildFile; fileRef = A70ACC7B19F348B7009BAC9A /* AFURLConnectionOperation.m */; };
		A70ACC8719F348B7009BAC9A /* AFXMLRequestOperation.m in Sources */ = {isa = PBXBuildFile; fileRef = A70ACC7D19F348B7009BAC9A /* AFXMLRequestOperation.m */; };
		A70ACC8819F348B7009BAC9A /* UIImageView+AFNetworking.m in Sources */ = {isa = PBXBuildFile; fileRef = A70ACC7F19F348B7009BAC9A /* UIImageView+AFNetworking.m */; };
		A70ACC8B19F34953009BAC9A /* DCAPIClient.m in Sources */ = {isa = PBXBuildFile; fileRef = A70ACC8A19F34953009BAC9A /* DCAPIClient.m */; };
		A7222DED19FF898E006E5C53 /* DCNewsModel.m in Sources */ = {isa = PBXBuildFile; fileRef = A7222DEC19FF898E006E5C53 /* DCNewsModel.m */; };
		A7222DF019FF8FDB006E5C53 /* DCNewsTableViewCell.m in Sources */ = {isa = PBXBuildFile; fileRef = A7222DEF19FF8FDB006E5C53 /* DCNewsTableViewCell.m */; };
		A7222DF619FFB15E006E5C53 /* UItils.m in Sources */ = {isa = PBXBuildFile; fileRef = A7222DF519FFB15E006E5C53 /* UItils.m */; };
		A7222DF919FFB462006E5C53 /* NSString+Extension.m in Sources */ = {isa = PBXBuildFile; fileRef = A7222DF819FFB462006E5C53 /* NSString+Extension.m */; };
		A7222DFC1A009138006E5C53 /* DCNewsAction.m in Sources */ = {isa = PBXBuildFile; fileRef = A7222DFB1A009138006E5C53 /* DCNewsAction.m */; };
		A7222DFF1A00CA77006E5C53 /* DCADDNewsViewController.m in Sources */ = {isa = PBXBuildFile; fileRef = A7222DFE1A00CA77006E5C53 /* DCADDNewsViewController.m */; };
		A7222E021A01109B006E5C53 /* UIScrollView+AH3DPullRefresh.m in Sources */ = {isa = PBXBuildFile; fileRef = A7222E011A01109B006E5C53 /* UIScrollView+AH3DPullRefresh.m */; settings = {COMPILER_FLAGS = "-fno-objc-arc"; }; };
		A7222E071A02071C006E5C53 /* SettingViewController.m in Sources */ = {isa = PBXBuildFile; fileRef = A7222E061A02071C006E5C53 /* SettingViewController.m */; };
		A7222E0A1A020D7D006E5C53 /* SettingTableViewCell.m in Sources */ = {isa = PBXBuildFile; fileRef = A7222E091A020D7D006E5C53 /* SettingTableViewCell.m */; };
		A74768C31A0326AF007781A7 /* DCQuestionsViewController.m in Sources */ = {isa = PBXBuildFile; fileRef = A74768C21A0326AF007781A7 /* DCQuestionsViewController.m */; };
		A74768C61A0328B8007781A7 /* DCWaitingRoomViewController.m in Sources */ = {isa = PBXBuildFile; fileRef = A74768C51A0328B8007781A7 /* DCWaitingRoomViewController.m */; };
		A74768C91A035C5E007781A7 /* DCCustomQuestionViewController.m in Sources */ = {isa = PBXBuildFile; fileRef = A74768C81A035C5E007781A7 /* DCCustomQuestionViewController.m */; };
		A74768CC1A0364FA007781A7 /* UIView+Extension.m in Sources */ = {isa = PBXBuildFile; fileRef = A74768CB1A0364FA007781A7 /* UIView+Extension.m */; };
		A74D13DC19EFBE8A008234EB /* main.m in Sources */ = {isa = PBXBuildFile; fileRef = A74D13DB19EFBE8A008234EB /* main.m */; };
		A74D13DF19EFBE8A008234EB /* AppDelegate.m in Sources */ = {isa = PBXBuildFile; fileRef = A74D13DE19EFBE8A008234EB /* AppDelegate.m */; };
		A74D13E219EFBE8A008234EB /* ViewController.m in Sources */ = {isa = PBXBuildFile; fileRef = A74D13E119EFBE8A008234EB /* ViewController.m */; };
		A74D13E719EFBE8A008234EB /* Images.xcassets in Resources */ = {isa = PBXBuildFile; fileRef = A74D13E619EFBE8A008234EB /* Images.xcassets */; };
		A74D13EA19EFBE8A008234EB /* LaunchScreen.xib in Resources */ = {isa = PBXBuildFile; fileRef = A74D13E819EFBE8A008234EB /* LaunchScreen.xib */; };
		A74D13F619EFBE8A008234EB /* DoctorClientTests.m in Sources */ = {isa = PBXBuildFile; fileRef = A74D13F519EFBE8A008234EB /* DoctorClientTests.m */; };
		A74D140819EFC1F4008234EB /* DrawerViewController.m in Sources */ = {isa = PBXBuildFile; fileRef = A74D140719EFC1F4008234EB /* DrawerViewController.m */; };
		A74D140F19EFC451008234EB /* DCMainViewController.m in Sources */ = {isa = PBXBuildFile; fileRef = A74D140E19EFC451008234EB /* DCMainViewController.m */; };
		A74D141319EFE8A6008234EB /* DCMainModel.m in Sources */ = {isa = PBXBuildFile; fileRef = A74D141219EFE8A6008234EB /* DCMainModel.m */; };
		A7546CD119F50E150079203F /* libsqlite3.dylib in Frameworks */ = {isa = PBXBuildFile; fileRef = A7546CD019F50E150079203F /* libsqlite3.dylib */; };
		A7546CD519F50EFD0079203F /* DCSqlite.m in Sources */ = {isa = PBXBuildFile; fileRef = A7546CD419F50EFD0079203F /* DCSqlite.m */; };
		A7B9D61219FE3E2800E76A13 /* DCHomeViewController.m in Sources */ = {isa = PBXBuildFile; fileRef = A7B9D61119FE3E2800E76A13 /* DCHomeViewController.m */; };
/* End PBXBuildFile section */

/* Begin PBXContainerItemProxy section */
		A74D13F019EFBE8A008234EB /* PBXContainerItemProxy */ = {
			isa = PBXContainerItemProxy;
			containerPortal = A74D13CE19EFBE8A008234EB /* Project object */;
			proxyType = 1;
			remoteGlobalIDString = A74D13D519EFBE8A008234EB;
			remoteInfo = DoctorClient;
		};
/* End PBXContainerItemProxy section */

/* Begin PBXFileReference section */
		1376410019F38AD8003B647D /* LoginViewController.h */ = {isa = PBXFileReference; fileEncoding = 4; lastKnownFileType = sourcecode.c.h; path = LoginViewController.h; sourceTree = "<group>"; };
		1376410119F38AD8003B647D /* LoginViewController.m */ = {isa = PBXFileReference; fileEncoding = 4; lastKnownFileType = sourcecode.c.objc; path = LoginViewController.m; sourceTree = "<group>"; };
		1376410319F38AEE003B647D /* RegisterViewController.h */ = {isa = PBXFileReference; fileEncoding = 4; lastKnownFileType = sourcecode.c.h; path = RegisterViewController.h; sourceTree = "<group>"; };
		1376410419F38AEE003B647D /* RegisterViewController.m */ = {isa = PBXFileReference; fileEncoding = 4; lastKnownFileType = sourcecode.c.objc; path = RegisterViewController.m; sourceTree = "<group>"; };
		A70ACC6D19F348B7009BAC9A /* AFHTTPClient.h */ = {isa = PBXFileReference; fileEncoding = 4; lastKnownFileType = sourcecode.c.h; path = AFHTTPClient.h; sourceTree = "<group>"; };
		A70ACC6E19F348B7009BAC9A /* AFHTTPClient.m */ = {isa = PBXFileReference; fileEncoding = 4; lastKnownFileType = sourcecode.c.objc; path = AFHTTPClient.m; sourceTree = "<group>"; };
		A70ACC6F19F348B7009BAC9A /* AFHTTPRequestOperation.h */ = {isa = PBXFileReference; fileEncoding = 4; lastKnownFileType = sourcecode.c.h; path = AFHTTPRequestOperation.h; sourceTree = "<group>"; };
		A70ACC7019F348B7009BAC9A /* AFHTTPRequestOperation.m */ = {isa = PBXFileReference; fileEncoding = 4; lastKnownFileType = sourcecode.c.objc; path = AFHTTPRequestOperation.m; sourceTree = "<group>"; };
		A70ACC7119F348B7009BAC9A /* AFImageRequestOperation.h */ = {isa = PBXFileReference; fileEncoding = 4; lastKnownFileType = sourcecode.c.h; path = AFImageRequestOperation.h; sourceTree = "<group>"; };
		A70ACC7219F348B7009BAC9A /* AFImageRequestOperation.m */ = {isa = PBXFileReference; fileEncoding = 4; lastKnownFileType = sourcecode.c.objc; path = AFImageRequestOperation.m; sourceTree = "<group>"; };
		A70ACC7319F348B7009BAC9A /* AFJSONRequestOperation.h */ = {isa = PBXFileReference; fileEncoding = 4; lastKnownFileType = sourcecode.c.h; path = AFJSONRequestOperation.h; sourceTree = "<group>"; };
		A70ACC7419F348B7009BAC9A /* AFJSONRequestOperation.m */ = {isa = PBXFileReference; fileEncoding = 4; lastKnownFileType = sourcecode.c.objc; path = AFJSONRequestOperation.m; sourceTree = "<group>"; };
		A70ACC7519F348B7009BAC9A /* AFNetworkActivityIndicatorManager.h */ = {isa = PBXFileReference; fileEncoding = 4; lastKnownFileType = sourcecode.c.h; path = AFNetworkActivityIndicatorManager.h; sourceTree = "<group>"; };
		A70ACC7619F348B7009BAC9A /* AFNetworkActivityIndicatorManager.m */ = {isa = PBXFileReference; fileEncoding = 4; lastKnownFileType = sourcecode.c.objc; path = AFNetworkActivityIndicatorManager.m; sourceTree = "<group>"; };
		A70ACC7719F348B7009BAC9A /* AFNetworking.h */ = {isa = PBXFileReference; fileEncoding = 4; lastKnownFileType = sourcecode.c.h; path = AFNetworking.h; sourceTree = "<group>"; };
		A70ACC7819F348B7009BAC9A /* AFPropertyListRequestOperation.h */ = {isa = PBXFileReference; fileEncoding = 4; lastKnownFileType = sourcecode.c.h; path = AFPropertyListRequestOperation.h; sourceTree = "<group>"; };
		A70ACC7919F348B7009BAC9A /* AFPropertyListRequestOperation.m */ = {isa = PBXFileReference; fileEncoding = 4; lastKnownFileType = sourcecode.c.objc; path = AFPropertyListRequestOperation.m; sourceTree = "<group>"; };
		A70ACC7A19F348B7009BAC9A /* AFURLConnectionOperation.h */ = {isa = PBXFileReference; fileEncoding = 4; lastKnownFileType = sourcecode.c.h; path = AFURLConnectionOperation.h; sourceTree = "<group>"; };
		A70ACC7B19F348B7009BAC9A /* AFURLConnectionOperation.m */ = {isa = PBXFileReference; fileEncoding = 4; lastKnownFileType = sourcecode.c.objc; path = AFURLConnectionOperation.m; sourceTree = "<group>"; };
		A70ACC7C19F348B7009BAC9A /* AFXMLRequestOperation.h */ = {isa = PBXFileReference; fileEncoding = 4; lastKnownFileType = sourcecode.c.h; path = AFXMLRequestOperation.h; sourceTree = "<group>"; };
		A70ACC7D19F348B7009BAC9A /* AFXMLRequestOperation.m */ = {isa = PBXFileReference; fileEncoding = 4; lastKnownFileType = sourcecode.c.objc; path = AFXMLRequestOperation.m; sourceTree = "<group>"; };
		A70ACC7E19F348B7009BAC9A /* UIImageView+AFNetworking.h */ = {isa = PBXFileReference; fileEncoding = 4; lastKnownFileType = sourcecode.c.h; path = "UIImageView+AFNetworking.h"; sourceTree = "<group>"; };
		A70ACC7F19F348B7009BAC9A /* UIImageView+AFNetworking.m */ = {isa = PBXFileReference; fileEncoding = 4; lastKnownFileType = sourcecode.c.objc; path = "UIImageView+AFNetworking.m"; sourceTree = "<group>"; };
		A70ACC8919F34953009BAC9A /* DCAPIClient.h */ = {isa = PBXFileReference; fileEncoding = 4; lastKnownFileType = sourcecode.c.h; path = DCAPIClient.h; sourceTree = "<group>"; };
		A70ACC8A19F34953009BAC9A /* DCAPIClient.m */ = {isa = PBXFileReference; fileEncoding = 4; lastKnownFileType = sourcecode.c.objc; path = DCAPIClient.m; sourceTree = "<group>"; };
		A70ACCBE19F357C1009BAC9A /* Logging.h */ = {isa = PBXFileReference; lastKnownFileType = sourcecode.c.h; path = Logging.h; sourceTree = "<group>"; };
		A7222DEB19FF898E006E5C53 /* DCNewsModel.h */ = {isa = PBXFileReference; fileEncoding = 4; lastKnownFileType = sourcecode.c.h; path = DCNewsModel.h; sourceTree = "<group>"; };
		A7222DEC19FF898E006E5C53 /* DCNewsModel.m */ = {isa = PBXFileReference; fileEncoding = 4; lastKnownFileType = sourcecode.c.objc; path = DCNewsModel.m; sourceTree = "<group>"; };
		A7222DEE19FF8FDB006E5C53 /* DCNewsTableViewCell.h */ = {isa = PBXFileReference; fileEncoding = 4; lastKnownFileType = sourcecode.c.h; path = DCNewsTableViewCell.h; sourceTree = "<group>"; };
		A7222DEF19FF8FDB006E5C53 /* DCNewsTableViewCell.m */ = {isa = PBXFileReference; fileEncoding = 4; lastKnownFileType = sourcecode.c.objc; path = DCNewsTableViewCell.m; sourceTree = "<group>"; };
		A7222DF419FFB15E006E5C53 /* UItils.h */ = {isa = PBXFileReference; fileEncoding = 4; lastKnownFileType = sourcecode.c.h; path = UItils.h; sourceTree = "<group>"; };
		A7222DF519FFB15E006E5C53 /* UItils.m */ = {isa = PBXFileReference; fileEncoding = 4; lastKnownFileType = sourcecode.c.objc; path = UItils.m; sourceTree = "<group>"; };
		A7222DF719FFB462006E5C53 /* NSString+Extension.h */ = {isa = PBXFileReference; fileEncoding = 4; lastKnownFileType = sourcecode.c.h; path = "NSString+Extension.h"; sourceTree = "<group>"; };
		A7222DF819FFB462006E5C53 /* NSString+Extension.m */ = {isa = PBXFileReference; fileEncoding = 4; lastKnownFileType = sourcecode.c.objc; path = "NSString+Extension.m"; sourceTree = "<group>"; };
		A7222DFA1A009138006E5C53 /* DCNewsAction.h */ = {isa = PBXFileReference; fileEncoding = 4; lastKnownFileType = sourcecode.c.h; path = DCNewsAction.h; sourceTree = "<group>"; };
		A7222DFB1A009138006E5C53 /* DCNewsAction.m */ = {isa = PBXFileReference; fileEncoding = 4; lastKnownFileType = sourcecode.c.objc; path = DCNewsAction.m; sourceTree = "<group>"; };
		A7222DFD1A00CA77006E5C53 /* DCADDNewsViewController.h */ = {isa = PBXFileReference; fileEncoding = 4; lastKnownFileType = sourcecode.c.h; path = DCADDNewsViewController.h; sourceTree = "<group>"; };
		A7222DFE1A00CA77006E5C53 /* DCADDNewsViewController.m */ = {isa = PBXFileReference; fileEncoding = 4; lastKnownFileType = sourcecode.c.objc; path = DCADDNewsViewController.m; sourceTree = "<group>"; };
		A7222E001A01109B006E5C53 /* UIScrollView+AH3DPullRefresh.h */ = {isa = PBXFileReference; fileEncoding = 4; lastKnownFileType = sourcecode.c.h; path = "UIScrollView+AH3DPullRefresh.h"; sourceTree = "<group>"; };
		A7222E011A01109B006E5C53 /* UIScrollView+AH3DPullRefresh.m */ = {isa = PBXFileReference; fileEncoding = 4; lastKnownFileType = sourcecode.c.objc; path = "UIScrollView+AH3DPullRefresh.m"; sourceTree = "<group>"; };
		A7222E051A02071C006E5C53 /* SettingViewController.h */ = {isa = PBXFileReference; fileEncoding = 4; lastKnownFileType = sourcecode.c.h; path = SettingViewController.h; sourceTree = "<group>"; };
		A7222E061A02071C006E5C53 /* SettingViewController.m */ = {isa = PBXFileReference; fileEncoding = 4; lastKnownFileType = sourcecode.c.objc; path = SettingViewController.m; sourceTree = "<group>"; };
		A7222E081A020D7C006E5C53 /* SettingTableViewCell.h */ = {isa = PBXFileReference; fileEncoding = 4; lastKnownFileType = sourcecode.c.h; path = SettingTableViewCell.h; sourceTree = "<group>"; };
		A7222E091A020D7D006E5C53 /* SettingTableViewCell.m */ = {isa = PBXFileReference; fileEncoding = 4; lastKnownFileType = sourcecode.c.objc; path = SettingTableViewCell.m; sourceTree = "<group>"; };
		A725106319FA045C000D2A2E /* Constant.h */ = {isa = PBXFileReference; lastKnownFileType = sourcecode.c.h; path = Constant.h; sourceTree = "<group>"; };
		A74768C11A0326AF007781A7 /* DCQuestionsViewController.h */ = {isa = PBXFileReference; fileEncoding = 4; lastKnownFileType = sourcecode.c.h; path = DCQuestionsViewController.h; sourceTree = "<group>"; };
		A74768C21A0326AF007781A7 /* DCQuestionsViewController.m */ = {isa = PBXFileReference; fileEncoding = 4; lastKnownFileType = sourcecode.c.objc; path = DCQuestionsViewController.m; sourceTree = "<group>"; };
		A74768C41A0328B8007781A7 /* DCWaitingRoomViewController.h */ = {isa = PBXFileReference; fileEncoding = 4; lastKnownFileType = sourcecode.c.h; path = DCWaitingRoomViewController.h; sourceTree = "<group>"; };
		A74768C51A0328B8007781A7 /* DCWaitingRoomViewController.m */ = {isa = PBXFileReference; fileEncoding = 4; lastKnownFileType = sourcecode.c.objc; path = DCWaitingRoomViewController.m; sourceTree = "<group>"; };
		A74768C71A035C5E007781A7 /* DCCustomQuestionViewController.h */ = {isa = PBXFileReference; fileEncoding = 4; lastKnownFileType = sourcecode.c.h; path = DCCustomQuestionViewController.h; sourceTree = "<group>"; };
		A74768C81A035C5E007781A7 /* DCCustomQuestionViewController.m */ = {isa = PBXFileReference; fileEncoding = 4; lastKnownFileType = sourcecode.c.objc; path = DCCustomQuestionViewController.m; sourceTree = "<group>"; };
		A74768CA1A0364FA007781A7 /* UIView+Extension.h */ = {isa = PBXFileReference; fileEncoding = 4; lastKnownFileType = sourcecode.c.h; path = "UIView+Extension.h"; sourceTree = "<group>"; };
		A74768CB1A0364FA007781A7 /* UIView+Extension.m */ = {isa = PBXFileReference; fileEncoding = 4; lastKnownFileType = sourcecode.c.objc; path = "UIView+Extension.m"; sourceTree = "<group>"; };
		A74D13D619EFBE8A008234EB /* DoctorClient.app */ = {isa = PBXFileReference; explicitFileType = wrapper.application; includeInIndex = 0; path = DoctorClient.app; sourceTree = BUILT_PRODUCTS_DIR; };
		A74D13DA19EFBE8A008234EB /* Info.plist */ = {isa = PBXFileReference; lastKnownFileType = text.plist.xml; path = Info.plist; sourceTree = "<group>"; };
		A74D13DB19EFBE8A008234EB /* main.m */ = {isa = PBXFileReference; lastKnownFileType = sourcecode.c.objc; path = main.m; sourceTree = "<group>"; };
		A74D13DD19EFBE8A008234EB /* AppDelegate.h */ = {isa = PBXFileReference; lastKnownFileType = sourcecode.c.h; path = AppDelegate.h; sourceTree = "<group>"; };
		A74D13DE19EFBE8A008234EB /* AppDelegate.m */ = {isa = PBXFileReference; lastKnownFileType = sourcecode.c.objc; path = AppDelegate.m; sourceTree = "<group>"; };
		A74D13E019EFBE8A008234EB /* ViewController.h */ = {isa = PBXFileReference; lastKnownFileType = sourcecode.c.h; path = ViewController.h; sourceTree = "<group>"; };
		A74D13E119EFBE8A008234EB /* ViewController.m */ = {isa = PBXFileReference; lastKnownFileType = sourcecode.c.objc; path = ViewController.m; sourceTree = "<group>"; };
		A74D13E619EFBE8A008234EB /* Images.xcassets */ = {isa = PBXFileReference; lastKnownFileType = folder.assetcatalog; path = Images.xcassets; sourceTree = "<group>"; };
		A74D13E919EFBE8A008234EB /* Base */ = {isa = PBXFileReference; lastKnownFileType = file.xib; name = Base; path = Base.lproj/LaunchScreen.xib; sourceTree = "<group>"; };
		A74D13EF19EFBE8A008234EB /* DoctorClientTests.xctest */ = {isa = PBXFileReference; explicitFileType = wrapper.cfbundle; includeInIndex = 0; path = DoctorClientTests.xctest; sourceTree = BUILT_PRODUCTS_DIR; };
		A74D13F419EFBE8A008234EB /* Info.plist */ = {isa = PBXFileReference; lastKnownFileType = text.plist.xml; path = Info.plist; sourceTree = "<group>"; };
		A74D13F519EFBE8A008234EB /* DoctorClientTests.m */ = {isa = PBXFileReference; lastKnownFileType = sourcecode.c.objc; path = DoctorClientTests.m; sourceTree = "<group>"; };
		A74D140619EFC1F4008234EB /* DrawerViewController.h */ = {isa = PBXFileReference; fileEncoding = 4; lastKnownFileType = sourcecode.c.h; path = DrawerViewController.h; sourceTree = "<group>"; };
		A74D140719EFC1F4008234EB /* DrawerViewController.m */ = {isa = PBXFileReference; fileEncoding = 4; lastKnownFileType = sourcecode.c.objc; path = DrawerViewController.m; sourceTree = "<group>"; };
		A74D140D19EFC451008234EB /* DCMainViewController.h */ = {isa = PBXFileReference; fileEncoding = 4; lastKnownFileType = sourcecode.c.h; path = DCMainViewController.h; sourceTree = "<group>"; };
		A74D140E19EFC451008234EB /* DCMainViewController.m */ = {isa = PBXFileReference; fileEncoding = 4; lastKnownFileType = sourcecode.c.objc; path = DCMainViewController.m; sourceTree = "<group>"; };
		A74D141019EFC873008234EB /* PrefixHeader.pch */ = {isa = PBXFileReference; lastKnownFileType = sourcecode.c.h; path = PrefixHeader.pch; sourceTree = "<group>"; };
		A74D141119EFE8A6008234EB /* DCMainModel.h */ = {isa = PBXFileReference; fileEncoding = 4; lastKnownFileType = sourcecode.c.h; path = DCMainModel.h; sourceTree = "<group>"; };
		A74D141219EFE8A6008234EB /* DCMainModel.m */ = {isa = PBXFileReference; fileEncoding = 4; lastKnownFileType = sourcecode.c.objc; path = DCMainModel.m; sourceTree = "<group>"; };
		A7546CD019F50E150079203F /* libsqlite3.dylib */ = {isa = PBXFileReference; lastKnownFileType = "compiled.mach-o.dylib"; name = libsqlite3.dylib; path = usr/lib/libsqlite3.dylib; sourceTree = SDKROOT; };
		A7546CD319F50EFD0079203F /* DCSqlite.h */ = {isa = PBXFileReference; fileEncoding = 4; lastKnownFileType = sourcecode.c.h; path = DCSqlite.h; sourceTree = "<group>"; };
		A7546CD419F50EFD0079203F /* DCSqlite.m */ = {isa = PBXFileReference; fileEncoding = 4; lastKnownFileType = sourcecode.c.objc; path = DCSqlite.m; sourceTree = "<group>"; };
		A7B9D61019FE3E2800E76A13 /* DCHomeViewController.h */ = {isa = PBXFileReference; fileEncoding = 4; lastKnownFileType = sourcecode.c.h; path = DCHomeViewController.h; sourceTree = "<group>"; };
		A7B9D61119FE3E2800E76A13 /* DCHomeViewController.m */ = {isa = PBXFileReference; fileEncoding = 4; lastKnownFileType = sourcecode.c.objc; path = DCHomeViewController.m; sourceTree = "<group>"; };
/* End PBXFileReference section */

/* Begin PBXFrameworksBuildPhase section */
		A74D13D319EFBE8A008234EB /* Frameworks */ = {
			isa = PBXFrameworksBuildPhase;
			buildActionMask = 2147483647;
			files = (
				A7546CD119F50E150079203F /* libsqlite3.dylib in Frameworks */,
			);
			runOnlyForDeploymentPostprocessing = 0;
		};
		A74D13EC19EFBE8A008234EB /* Frameworks */ = {
			isa = PBXFrameworksBuildPhase;
			buildActionMask = 2147483647;
			files = (
			);
			runOnlyForDeploymentPostprocessing = 0;
		};
/* End PBXFrameworksBuildPhase section */

/* Begin PBXGroup section */
		A70ACC6C19F348B7009BAC9A /* AFNetworking */ = {
			isa = PBXGroup;
			children = (
				A70ACC6D19F348B7009BAC9A /* AFHTTPClient.h */,
				A70ACC6E19F348B7009BAC9A /* AFHTTPClient.m */,
				A70ACC6F19F348B7009BAC9A /* AFHTTPRequestOperation.h */,
				A70ACC7019F348B7009BAC9A /* AFHTTPRequestOperation.m */,
				A70ACC7119F348B7009BAC9A /* AFImageRequestOperation.h */,
				A70ACC7219F348B7009BAC9A /* AFImageRequestOperation.m */,
				A70ACC7319F348B7009BAC9A /* AFJSONRequestOperation.h */,
				A70ACC7419F348B7009BAC9A /* AFJSONRequestOperation.m */,
				A70ACC7519F348B7009BAC9A /* AFNetworkActivityIndicatorManager.h */,
				A70ACC7619F348B7009BAC9A /* AFNetworkActivityIndicatorManager.m */,
				A70ACC7719F348B7009BAC9A /* AFNetworking.h */,
				A70ACC7819F348B7009BAC9A /* AFPropertyListRequestOperation.h */,
				A70ACC7919F348B7009BAC9A /* AFPropertyListRequestOperation.m */,
				A70ACC7A19F348B7009BAC9A /* AFURLConnectionOperation.h */,
				A70ACC7B19F348B7009BAC9A /* AFURLConnectionOperation.m */,
				A70ACC7C19F348B7009BAC9A /* AFXMLRequestOperation.h */,
				A70ACC7D19F348B7009BAC9A /* AFXMLRequestOperation.m */,
				A70ACC7E19F348B7009BAC9A /* UIImageView+AFNetworking.h */,
				A70ACC7F19F348B7009BAC9A /* UIImageView+AFNetworking.m */,
			);
			path = AFNetworking;
			sourceTree = "<group>";
		};
		A70ACCBF19F35A4D009BAC9A /* DCAPIClient */ = {
			isa = PBXGroup;
			children = (
				A70ACC8919F34953009BAC9A /* DCAPIClient.h */,
				A70ACC8A19F34953009BAC9A /* DCAPIClient.m */,
			);
			name = DCAPIClient;
			sourceTree = "<group>";
		};
		A7222E031A020690006E5C53 /* 4_DCQuestionsViewController */ = {
			isa = PBXGroup;
			children = (
				A74768C11A0326AF007781A7 /* DCQuestionsViewController.h */,
				A74768C21A0326AF007781A7 /* DCQuestionsViewController.m */,
				A74768C71A035C5E007781A7 /* DCCustomQuestionViewController.h */,
				A74768C81A035C5E007781A7 /* DCCustomQuestionViewController.m */,
			);
			name = 4_DCQuestionsViewController;
			sourceTree = "<group>";
		};
		A7222E041A0206BC006E5C53 /* 5_SettingViewController */ = {
			isa = PBXGroup;
			children = (
				A7222E051A02071C006E5C53 /* SettingViewController.h */,
				A7222E061A02071C006E5C53 /* SettingViewController.m */,
				A7222E081A020D7C006E5C53 /* SettingTableViewCell.h */,
				A7222E091A020D7D006E5C53 /* SettingTableViewCell.m */,
			);
			name = 5_SettingViewController;
			sourceTree = "<group>";
		};
		A74768C01A0325E3007781A7 /* 3_DCWaitingRoomViewController */ = {
			isa = PBXGroup;
			children = (
				A74768C41A0328B8007781A7 /* DCWaitingRoomViewController.h */,
				A74768C51A0328B8007781A7 /* DCWaitingRoomViewController.m */,
			);
			name = 3_DCWaitingRoomViewController;
			sourceTree = "<group>";
		};
		A74D13CD19EFBE8A008234EB = {
			isa = PBXGroup;
			children = (
				A74D13D819EFBE8A008234EB /* DoctorClient */,
				A74D13F219EFBE8A008234EB /* DoctorClientTests */,
				A74D13D719EFBE8A008234EB /* Products */,
			);
			sourceTree = "<group>";
		};
		A74D13D719EFBE8A008234EB /* Products */ = {
			isa = PBXGroup;
			children = (
				A74D13D619EFBE8A008234EB /* DoctorClient.app */,
				A74D13EF19EFBE8A008234EB /* DoctorClientTests.xctest */,
			);
			name = Products;
			sourceTree = "<group>";
		};
		A74D13D819EFBE8A008234EB /* DoctorClient */ = {
			isa = PBXGroup;
			children = (
				A74D13DD19EFBE8A008234EB /* AppDelegate.h */,
				A74D13DE19EFBE8A008234EB /* AppDelegate.m */,
				A74D13E019EFBE8A008234EB /* ViewController.h */,
				A74D13E119EFBE8A008234EB /* ViewController.m */,
				A74D13E819EFBE8A008234EB /* LaunchScreen.xib */,
				A74D13E619EFBE8A008234EB /* Images.xcassets */,
				A74D13FF19EFBF06008234EB /* Class */,
				A74D13D919EFBE8A008234EB /* Supporting Files */,
				A7546CD219F50E440079203F /* Frameworks */,
			);
			path = DoctorClient;
			sourceTree = "<group>";
		};
		A74D13D919EFBE8A008234EB /* Supporting Files */ = {
			isa = PBXGroup;
			children = (
				A70ACCBE19F357C1009BAC9A /* Logging.h */,
				A74D13DA19EFBE8A008234EB /* Info.plist */,
				A74D13DB19EFBE8A008234EB /* main.m */,
				A74D141019EFC873008234EB /* PrefixHeader.pch */,
				A725106319FA045C000D2A2E /* Constant.h */,
			);
			name = "Supporting Files";
			sourceTree = "<group>";
		};
		A74D13F219EFBE8A008234EB /* DoctorClientTests */ = {
			isa = PBXGroup;
			children = (
				A74D13F519EFBE8A008234EB /* DoctorClientTests.m */,
				A74D13F319EFBE8A008234EB /* Supporting Files */,
			);
			path = DoctorClientTests;
			sourceTree = "<group>";
		};
		A74D13F319EFBE8A008234EB /* Supporting Files */ = {
			isa = PBXGroup;
			children = (
				A74D13F419EFBE8A008234EB /* Info.plist */,
			);
			name = "Supporting Files";
			sourceTree = "<group>";
		};
		A74D13FF19EFBF06008234EB /* Class */ = {
			isa = PBXGroup;
			children = (
				A74D140119EFC09A008234EB /* Library */,
				A74D140019EFC091008234EB /* Extension */,
				A74D140219EFC0A2008234EB /* Data */,
				A74D140319EFC0A9008234EB /* UI */,
			);
			name = Class;
			sourceTree = "<group>";
		};
		A74D140019EFC091008234EB /* Extension */ = {
			isa = PBXGroup;
			children = (
				A7222E001A01109B006E5C53 /* UIScrollView+AH3DPullRefresh.h */,
				A7222E011A01109B006E5C53 /* UIScrollView+AH3DPullRefresh.m */,
				A74D140619EFC1F4008234EB /* DrawerViewController.h */,
				A74D140719EFC1F4008234EB /* DrawerViewController.m */,
				A7222DF419FFB15E006E5C53 /* UItils.h */,
				A7222DF519FFB15E006E5C53 /* UItils.m */,
				A7222DF719FFB462006E5C53 /* NSString+Extension.h */,
				A7222DF819FFB462006E5C53 /* NSString+Extension.m */,
				A74768CA1A0364FA007781A7 /* UIView+Extension.h */,
				A74768CB1A0364FA007781A7 /* UIView+Extension.m */,
			);
			name = Extension;
			sourceTree = "<group>";
		};
		A74D140119EFC09A008234EB /* Library */ = {
			isa = PBXGroup;
			children = (
				A70ACCBF19F35A4D009BAC9A /* DCAPIClient */,
				A70ACC6C19F348B7009BAC9A /* AFNetworking */,
			);
			name = Library;
			sourceTree = "<group>";
		};
		A74D140219EFC0A2008234EB /* Data */ = {
			isa = PBXGroup;
			children = (
				A7546CD319F50EFD0079203F /* DCSqlite.h */,
				A7546CD419F50EFD0079203F /* DCSqlite.m */,
			);
			name = Data;
			sourceTree = "<group>";
		};
		A74D140319EFC0A9008234EB /* UI */ = {
			isa = PBXGroup;
			children = (
				A74D140419EFC0E3008234EB /* CoreUI */,
				A74D140519EFC0EB008234EB /* ViewController */,
			);
			name = UI;
			sourceTree = "<group>";
		};
		A74D140419EFC0E3008234EB /* CoreUI */ = {
			isa = PBXGroup;
			children = (
			);
			name = CoreUI;
			sourceTree = "<group>";
		};
		A74D140519EFC0EB008234EB /* ViewController */ = {
			isa = PBXGroup;
			children = (
				A74D140919EFC23A008234EB /* 0_DCLogin */,
				A74D140C19EFC24D008234EB /* 1_DCMainViewController */,
				A7B9D60F19FE368900E76A13 /* 2_DCHomeViewCOntroller */,
				A74768C01A0325E3007781A7 /* 3_DCWaitingRoomViewController */,
				A7222E031A020690006E5C53 /* 4_DCQuestionsViewController */,
				A7222E041A0206BC006E5C53 /* 5_SettingViewController */,
			);
			name = ViewController;
			sourceTree = "<group>";
		};
		A74D140919EFC23A008234EB /* 0_DCLogin */ = {
			isa = PBXGroup;
			children = (
				1376410019F38AD8003B647D /* LoginViewController.h */,
				1376410119F38AD8003B647D /* LoginViewController.m */,
				1376410319F38AEE003B647D /* RegisterViewController.h */,
				1376410419F38AEE003B647D /* RegisterViewController.m */,
			);
			name = 0_DCLogin;
			sourceTree = "<group>";
		};
		A74D140C19EFC24D008234EB /* 1_DCMainViewController */ = {
			isa = PBXGroup;
			children = (
				A74D140D19EFC451008234EB /* DCMainViewController.h */,
				A74D140E19EFC451008234EB /* DCMainViewController.m */,
				A74D141119EFE8A6008234EB /* DCMainModel.h */,
				A74D141219EFE8A6008234EB /* DCMainModel.m */,
			);
			name = 1_DCMainViewController;
			sourceTree = "<group>";
		};
		A7546CD219F50E440079203F /* Frameworks */ = {
			isa = PBXGroup;
			children = (
				A7546CD019F50E150079203F /* libsqlite3.dylib */,
			);
			name = Frameworks;
			path = ..;
			sourceTree = "<group>";
		};
		A7B9D60F19FE368900E76A13 /* 2_DCHomeViewCOntroller */ = {
			isa = PBXGroup;
			children = (
				A7B9D61019FE3E2800E76A13 /* DCHomeViewController.h */,
				A7B9D61119FE3E2800E76A13 /* DCHomeViewController.m */,
				A7222DEB19FF898E006E5C53 /* DCNewsModel.h */,
				A7222DEC19FF898E006E5C53 /* DCNewsModel.m */,
				A7222DEE19FF8FDB006E5C53 /* DCNewsTableViewCell.h */,
				A7222DEF19FF8FDB006E5C53 /* DCNewsTableViewCell.m */,
				A7222DFA1A009138006E5C53 /* DCNewsAction.h */,
				A7222DFB1A009138006E5C53 /* DCNewsAction.m */,
				A7222DFD1A00CA77006E5C53 /* DCADDNewsViewController.h */,
				A7222DFE1A00CA77006E5C53 /* DCADDNewsViewController.m */,
			);
			name = 2_DCHomeViewCOntroller;
			sourceTree = "<group>";
		};
/* End PBXGroup section */

/* Begin PBXNativeTarget section */
		A74D13D519EFBE8A008234EB /* DoctorClient */ = {
			isa = PBXNativeTarget;
			buildConfigurationList = A74D13F919EFBE8A008234EB /* Build configuration list for PBXNativeTarget "DoctorClient" */;
			buildPhases = (
				A74D13D219EFBE8A008234EB /* Sources */,
				A74D13D319EFBE8A008234EB /* Frameworks */,
				A74D13D419EFBE8A008234EB /* Resources */,
			);
			buildRules = (
			);
			dependencies = (
			);
			name = DoctorClient;
			productName = DoctorClient;
			productReference = A74D13D619EFBE8A008234EB /* DoctorClient.app */;
			productType = "com.apple.product-type.application";
		};
		A74D13EE19EFBE8A008234EB /* DoctorClientTests */ = {
			isa = PBXNativeTarget;
			buildConfigurationList = A74D13FC19EFBE8A008234EB /* Build configuration list for PBXNativeTarget "DoctorClientTests" */;
			buildPhases = (
				A74D13EB19EFBE8A008234EB /* Sources */,
				A74D13EC19EFBE8A008234EB /* Frameworks */,
				A74D13ED19EFBE8A008234EB /* Resources */,
			);
			buildRules = (
			);
			dependencies = (
				A74D13F119EFBE8A008234EB /* PBXTargetDependency */,
			);
			name = DoctorClientTests;
			productName = DoctorClientTests;
			productReference = A74D13EF19EFBE8A008234EB /* DoctorClientTests.xctest */;
			productType = "com.apple.product-type.bundle.unit-test";
		};
/* End PBXNativeTarget section */

/* Begin PBXProject section */
		A74D13CE19EFBE8A008234EB /* Project object */ = {
			isa = PBXProject;
			attributes = {
				LastUpgradeCheck = 0600;
				ORGANIZATIONNAME = com.usc;
				TargetAttributes = {
					A74D13D519EFBE8A008234EB = {
						CreatedOnToolsVersion = 6.0.1;
					};
					A74D13EE19EFBE8A008234EB = {
						CreatedOnToolsVersion = 6.0.1;
						TestTargetID = A74D13D519EFBE8A008234EB;
					};
				};
			};
			buildConfigurationList = A74D13D119EFBE8A008234EB /* Build configuration list for PBXProject "DoctorClient" */;
			compatibilityVersion = "Xcode 3.2";
			developmentRegion = English;
			hasScannedForEncodings = 0;
			knownRegions = (
				en,
				Base,
			);
			mainGroup = A74D13CD19EFBE8A008234EB;
			productRefGroup = A74D13D719EFBE8A008234EB /* Products */;
			projectDirPath = "";
			projectRoot = "";
			targets = (
				A74D13D519EFBE8A008234EB /* DoctorClient */,
				A74D13EE19EFBE8A008234EB /* DoctorClientTests */,
			);
		};
/* End PBXProject section */

/* Begin PBXResourcesBuildPhase section */
		A74D13D419EFBE8A008234EB /* Resources */ = {
			isa = PBXResourcesBuildPhase;
			buildActionMask = 2147483647;
			files = (
				A74D13EA19EFBE8A008234EB /* LaunchScreen.xib in Resources */,
				A74D13E719EFBE8A008234EB /* Images.xcassets in Resources */,
			);
			runOnlyForDeploymentPostprocessing = 0;
		};
		A74D13ED19EFBE8A008234EB /* Resources */ = {
			isa = PBXResourcesBuildPhase;
			buildActionMask = 2147483647;
			files = (
			);
			runOnlyForDeploymentPostprocessing = 0;
		};
/* End PBXResourcesBuildPhase section */

/* Begin PBXSourcesBuildPhase section */
		A74D13D219EFBE8A008234EB /* Sources */ = {
			isa = PBXSourcesBuildPhase;
			buildActionMask = 2147483647;
			files = (
				A7B9D61219FE3E2800E76A13 /* DCHomeViewController.m in Sources */,
				A70ACC8619F348B7009BAC9A /* AFURLConnectionOperation.m in Sources */,
				A70ACC8819F348B7009BAC9A /* UIImageView+AFNetworking.m in Sources */,
				A7222E071A02071C006E5C53 /* SettingViewController.m in Sources */,
				A74D140F19EFC451008234EB /* DCMainViewController.m in Sources */,
				A74D13E219EFBE8A008234EB /* ViewController.m in Sources */,
				A7222DFC1A009138006E5C53 /* DCNewsAction.m in Sources */,
				A70ACC8519F348B7009BAC9A /* AFPropertyListRequestOperation.m in Sources */,
				A74768C91A035C5E007781A7 /* DCCustomQuestionViewController.m in Sources */,
				A7222E021A01109B006E5C53 /* UIScrollView+AH3DPullRefresh.m in Sources */,
				A74D140819EFC1F4008234EB /* DrawerViewController.m in Sources */,
				A7222E0A1A020D7D006E5C53 /* SettingTableViewCell.m in Sources */,
				A7222DFF1A00CA77006E5C53 /* DCADDNewsViewController.m in Sources */,
				A7222DF919FFB462006E5C53 /* NSString+Extension.m in Sources */,
				A74D141319EFE8A6008234EB /* DCMainModel.m in Sources */,
				A74768C61A0328B8007781A7 /* DCWaitingRoomViewController.m in Sources */,
				1376410219F38AD8003B647D /* LoginViewController.m in Sources */,
				A70ACC8719F348B7009BAC9A /* AFXMLRequestOperation.m in Sources */,
				A7546CD519F50EFD0079203F /* DCSqlite.m in Sources */,
				A7222DF019FF8FDB006E5C53 /* DCNewsTableViewCell.m in Sources */,
				A70ACC8B19F34953009BAC9A /* DCAPIClient.m in Sources */,
				A70ACC8419F348B7009BAC9A /* AFNetworkActivityIndicatorManager.m in Sources */,
				A70ACC8119F348B7009BAC9A /* AFHTTPRequestOperation.m in Sources */,
				A74D13DF19EFBE8A008234EB /* AppDelegate.m in Sources */,
				A74768CC1A0364FA007781A7 /* UIView+Extension.m in Sources */,
				1376410519F38AEE003B647D /* RegisterViewController.m in Sources */,
				A74768C31A0326AF007781A7 /* DCQuestionsViewController.m in Sources */,
				A7222DED19FF898E006E5C53 /* DCNewsModel.m in Sources */,
				A70ACC8219F348B7009BAC9A /* AFImageRequestOperation.m in Sources */,
				A70ACC8019F348B7009BAC9A /* AFHTTPClient.m in Sources */,
				A70ACC8319F348B7009BAC9A /* AFJSONRequestOperation.m in Sources */,
				A7222DF619FFB15E006E5C53 /* UItils.m in Sources */,
				A74D13DC19EFBE8A008234EB /* main.m in Sources */,
			);
			runOnlyForDeploymentPostprocessing = 0;
		};
		A74D13EB19EFBE8A008234EB /* Sources */ = {
			isa = PBXSourcesBuildPhase;
			buildActionMask = 2147483647;
			files = (
				A74D13F619EFBE8A008234EB /* DoctorClientTests.m in Sources */,
			);
			runOnlyForDeploymentPostprocessing = 0;
		};
/* End PBXSourcesBuildPhase section */

/* Begin PBXTargetDependency section */
		A74D13F119EFBE8A008234EB /* PBXTargetDependency */ = {
			isa = PBXTargetDependency;
			target = A74D13D519EFBE8A008234EB /* DoctorClient */;
			targetProxy = A74D13F019EFBE8A008234EB /* PBXContainerItemProxy */;
		};
/* End PBXTargetDependency section */

/* Begin PBXVariantGroup section */
		A74D13E819EFBE8A008234EB /* LaunchScreen.xib */ = {
			isa = PBXVariantGroup;
			children = (
				A74D13E919EFBE8A008234EB /* Base */,
			);
			name = LaunchScreen.xib;
			sourceTree = "<group>";
		};
/* End PBXVariantGroup section */

/* Begin XCBuildConfiguration section */
		A74D13F719EFBE8A008234EB /* Debug */ = {
			isa = XCBuildConfiguration;
			buildSettings = {
				ALWAYS_SEARCH_USER_PATHS = NO;
				CLANG_CXX_LANGUAGE_STANDARD = "gnu++0x";
				CLANG_CXX_LIBRARY = "libc++";
				CLANG_ENABLE_MODULES = YES;
				CLANG_ENABLE_OBJC_ARC = YES;
				CLANG_WARN_BOOL_CONVERSION = YES;
				CLANG_WARN_CONSTANT_CONVERSION = YES;
				CLANG_WARN_DIRECT_OBJC_ISA_USAGE = YES_ERROR;
				CLANG_WARN_EMPTY_BODY = YES;
				CLANG_WARN_ENUM_CONVERSION = YES;
				CLANG_WARN_INT_CONVERSION = YES;
				CLANG_WARN_OBJC_ROOT_CLASS = YES_ERROR;
				CLANG_WARN_UNREACHABLE_CODE = YES;
				CLANG_WARN__DUPLICATE_METHOD_MATCH = YES;
				"CODE_SIGN_IDENTITY[sdk=iphoneos*]" = "iPhone Developer";
				COPY_PHASE_STRIP = NO;
				ENABLE_STRICT_OBJC_MSGSEND = YES;
				GCC_C_LANGUAGE_STANDARD = gnu99;
				GCC_DYNAMIC_NO_PIC = NO;
				GCC_OPTIMIZATION_LEVEL = 0;
				GCC_PREPROCESSOR_DEFINITIONS = (
					"DEBUG=1",
					"$(inherited)",
				);
				GCC_SYMBOLS_PRIVATE_EXTERN = NO;
				GCC_WARN_64_TO_32_BIT_CONVERSION = YES;
				GCC_WARN_ABOUT_RETURN_TYPE = YES_ERROR;
				GCC_WARN_UNDECLARED_SELECTOR = YES;
				GCC_WARN_UNINITIALIZED_AUTOS = YES_AGGRESSIVE;
				GCC_WARN_UNUSED_FUNCTION = YES;
				GCC_WARN_UNUSED_VARIABLE = YES;
				IPHONEOS_DEPLOYMENT_TARGET = 8.0;
				MTL_ENABLE_DEBUG_INFO = YES;
				ONLY_ACTIVE_ARCH = YES;
				SDKROOT = iphoneos;
				TARGETED_DEVICE_FAMILY = "1,2";
			};
			name = Debug;
		};
		A74D13F819EFBE8A008234EB /* Release */ = {
			isa = XCBuildConfiguration;
			buildSettings = {
				ALWAYS_SEARCH_USER_PATHS = NO;
				CLANG_CXX_LANGUAGE_STANDARD = "gnu++0x";
				CLANG_CXX_LIBRARY = "libc++";
				CLANG_ENABLE_MODULES = YES;
				CLANG_ENABLE_OBJC_ARC = YES;
				CLANG_WARN_BOOL_CONVERSION = YES;
				CLANG_WARN_CONSTANT_CONVERSION = YES;
				CLANG_WARN_DIRECT_OBJC_ISA_USAGE = YES_ERROR;
				CLANG_WARN_EMPTY_BODY = YES;
				CLANG_WARN_ENUM_CONVERSION = YES;
				CLANG_WARN_INT_CONVERSION = YES;
				CLANG_WARN_OBJC_ROOT_CLASS = YES_ERROR;
				CLANG_WARN_UNREACHABLE_CODE = YES;
				CLANG_WARN__DUPLICATE_METHOD_MATCH = YES;
				"CODE_SIGN_IDENTITY[sdk=iphoneos*]" = "iPhone Developer";
				COPY_PHASE_STRIP = YES;
				ENABLE_NS_ASSERTIONS = NO;
				ENABLE_STRICT_OBJC_MSGSEND = YES;
				GCC_C_LANGUAGE_STANDARD = gnu99;
				GCC_WARN_64_TO_32_BIT_CONVERSION = YES;
				GCC_WARN_ABOUT_RETURN_TYPE = YES_ERROR;
				GCC_WARN_UNDECLARED_SELECTOR = YES;
				GCC_WARN_UNINITIALIZED_AUTOS = YES_AGGRESSIVE;
				GCC_WARN_UNUSED_FUNCTION = YES;
				GCC_WARN_UNUSED_VARIABLE = YES;
				IPHONEOS_DEPLOYMENT_TARGET = 8.0;
				MTL_ENABLE_DEBUG_INFO = NO;
				SDKROOT = iphoneos;
				TARGETED_DEVICE_FAMILY = "1,2";
				VALIDATE_PRODUCT = YES;
			};
			name = Release;
		};
		A74D13FA19EFBE8A008234EB /* Debug */ = {
			isa = XCBuildConfiguration;
			buildSettings = {
				ASSETCATALOG_COMPILER_APPICON_NAME = AppIcon;
				GCC_PREFIX_HEADER = "$(SRCROOT)/DoctorClient/PrefixHeader.pch";
				INFOPLIST_FILE = DoctorClient/Info.plist;
				LD_RUNPATH_SEARCH_PATHS = "$(inherited) @executable_path/Frameworks";
				PRODUCT_NAME = "$(TARGET_NAME)";
			};
			name = Debug;
		};
		A74D13FB19EFBE8A008234EB /* Release */ = {
			isa = XCBuildConfiguration;
			buildSettings = {
				ASSETCATALOG_COMPILER_APPICON_NAME = AppIcon;
				GCC_PREFIX_HEADER = "$(SRCROOT)/DoctorClient/PrefixHeader.pch";
				INFOPLIST_FILE = DoctorClient/Info.plist;
				LD_RUNPATH_SEARCH_PATHS = "$(inherited) @executable_path/Frameworks";
				PRODUCT_NAME = "$(TARGET_NAME)";
			};
			name = Release;
		};
		A74D13FD19EFBE8A008234EB /* Debug */ = {
			isa = XCBuildConfiguration;
			buildSettings = {
				BUNDLE_LOADER = "$(TEST_HOST)";
				FRAMEWORK_SEARCH_PATHS = (
					"$(SDKROOT)/Developer/Library/Frameworks",
					"$(inherited)",
				);
				GCC_PREPROCESSOR_DEFINITIONS = (
					"DEBUG=1",
					"$(inherited)",
				);
				INFOPLIST_FILE = DoctorClientTests/Info.plist;
				LD_RUNPATH_SEARCH_PATHS = "$(inherited) @executable_path/Frameworks @loader_path/Frameworks";
				PRODUCT_NAME = "$(TARGET_NAME)";
				TEST_HOST = "$(BUILT_PRODUCTS_DIR)/DoctorClient.app/DoctorClient";
			};
			name = Debug;
		};
		A74D13FE19EFBE8A008234EB /* Release */ = {
			isa = XCBuildConfiguration;
			buildSettings = {
				BUNDLE_LOADER = "$(TEST_HOST)";
				FRAMEWORK_SEARCH_PATHS = (
					"$(SDKROOT)/Developer/Library/Frameworks",
					"$(inherited)",
				);
				INFOPLIST_FILE = DoctorClientTests/Info.plist;
				LD_RUNPATH_SEARCH_PATHS = "$(inherited) @executable_path/Frameworks @loader_path/Frameworks";
				PRODUCT_NAME = "$(TARGET_NAME)";
				TEST_HOST = "$(BUILT_PRODUCTS_DIR)/DoctorClient.app/DoctorClient";
			};
			name = Release;
		};
/* End XCBuildConfiguration section */

/* Begin XCConfigurationList section */
		A74D13D119EFBE8A008234EB /* Build configuration list for PBXProject "DoctorClient" */ = {
			isa = XCConfigurationList;
			buildConfigurations = (
				A74D13F719EFBE8A008234EB /* Debug */,
				A74D13F819EFBE8A008234EB /* Release */,
			);
			defaultConfigurationIsVisible = 0;
			defaultConfigurationName = Release;
		};
		A74D13F919EFBE8A008234EB /* Build configuration list for PBXNativeTarget "DoctorClient" */ = {
			isa = XCConfigurationList;
			buildConfigurations = (
				A74D13FA19EFBE8A008234EB /* Debug */,
				A74D13FB19EFBE8A008234EB /* Release */,
			);
			defaultConfigurationIsVisible = 0;
			defaultConfigurationName = Release;
		};
		A74D13FC19EFBE8A008234EB /* Build configuration list for PBXNativeTarget "DoctorClientTests" */ = {
			isa = XCConfigurationList;
			buildConfigurations = (
				A74D13FD19EFBE8A008234EB /* Debug */,
				A74D13FE19EFBE8A008234EB /* Release */,
			);
			defaultConfigurationIsVisible = 0;
			defaultConfigurationName = Release;
		};
/* End XCConfigurationList section */
	};
	rootObject = A74D13CE19EFBE8A008234EB /* Project object */;
}
