// !$*UTF8*$!
{
	archiveVersion = 1;
	classes = {
	};
	objectVersion = 46;
	objects = {

/* Begin PBXBuildFile section */
		6E41031719F21050002F6ECE /* PCMainController.m in Sources */ = {isa = PBXBuildFile; fileRef = 6E41031619F21050002F6ECE /* PCMainController.m */; };
		6E7A6C4B19F29F7F00D0F4D5 /* PCMainModel.m in Sources */ = {isa = PBXBuildFile; fileRef = 6E7A6C4A19F29F7F00D0F4D5 /* PCMainModel.m */; };
		6E7A6C5119F2B1AA00D0F4D5 /* DrawerViewController.m in Sources */ = {isa = PBXBuildFile; fileRef = 6E7A6C5019F2B1AA00D0F4D5 /* DrawerViewController.m */; };
		6EB34A4319F20633002C5F8D /* main.m in Sources */ = {isa = PBXBuildFile; fileRef = 6EB34A4219F20633002C5F8D /* main.m */; };
		6EB34A4619F20633002C5F8D /* AppDelegate.m in Sources */ = {isa = PBXBuildFile; fileRef = 6EB34A4519F20633002C5F8D /* AppDelegate.m */; };
		6EB34A4919F20633002C5F8D /* ViewController.m in Sources */ = {isa = PBXBuildFile; fileRef = 6EB34A4819F20633002C5F8D /* ViewController.m */; };
		6EB34A4C19F20633002C5F8D /* Main.storyboard in Resources */ = {isa = PBXBuildFile; fileRef = 6EB34A4A19F20633002C5F8D /* Main.storyboard */; };
		6EB34A4E19F20633002C5F8D /* Images.xcassets in Resources */ = {isa = PBXBuildFile; fileRef = 6EB34A4D19F20633002C5F8D /* Images.xcassets */; };
		6EB34A5119F20633002C5F8D /* LaunchScreen.xib in Resources */ = {isa = PBXBuildFile; fileRef = 6EB34A4F19F20633002C5F8D /* LaunchScreen.xib */; };
		6EB34A5D19F20633002C5F8D /* PatientClientTests.m in Sources */ = {isa = PBXBuildFile; fileRef = 6EB34A5C19F20633002C5F8D /* PatientClientTests.m */; };
		6EB4E8F819F3AB0300262FBF /* HomeController.m in Sources */ = {isa = PBXBuildFile; fileRef = 6EB4E8F719F3AB0300262FBF /* HomeController.m */; };
		6ECA693319F4A45000D1C185 /* PersonCenterController.m in Sources */ = {isa = PBXBuildFile; fileRef = 6ECA693219F4A45000D1C185 /* PersonCenterController.m */; };
		6ECA693619F4A7C000D1C185 /* User.m in Sources */ = {isa = PBXBuildFile; fileRef = 6ECA693519F4A7C000D1C185 /* User.m */; };
		6ECA693C19F4ABC100D1C185 /* navigationbar_pop.png in Resources */ = {isa = PBXBuildFile; fileRef = 6ECA693819F4ABC100D1C185 /* navigationbar_pop.png */; };
		6ECA693D19F4ABC100D1C185 /* navigationbar_pop@2x.png in Resources */ = {isa = PBXBuildFile; fileRef = 6ECA693919F4ABC100D1C185 /* navigationbar_pop@2x.png */; };
		6ECA693E19F4ABC100D1C185 /* navigationbar_pop_highlighted.png in Resources */ = {isa = PBXBuildFile; fileRef = 6ECA693A19F4ABC100D1C185 /* navigationbar_pop_highlighted.png */; };
		6ECA693F19F4ABC100D1C185 /* navigationbar_pop_highlighted@2x.png in Resources */ = {isa = PBXBuildFile; fileRef = 6ECA693B19F4ABC100D1C185 /* navigationbar_pop_highlighted@2x.png */; };
		6ECA694219F4B86900D1C185 /* ditu_ic.png in Resources */ = {isa = PBXBuildFile; fileRef = 6ECA694119F4B86900D1C185 /* ditu_ic.png */; };
		6ECA694519F4E32D00D1C185 /* LoginController.m in Sources */ = {isa = PBXBuildFile; fileRef = 6ECA694419F4E32D00D1C185 /* LoginController.m */; };
		6ECA694819F509AA00D1C185 /* AccountTool.m in Sources */ = {isa = PBXBuildFile; fileRef = 6ECA694719F509AA00D1C185 /* AccountTool.m */; };
		6ECA694C19F509FC00D1C185 /* Account.m in Sources */ = {isa = PBXBuildFile; fileRef = 6ECA694B19F509FC00D1C185 /* Account.m */; };
		6ECA695019F5267200D1C185 /* UserCell.m in Sources */ = {isa = PBXBuildFile; fileRef = 6ECA694F19F5267200D1C185 /* UserCell.m */; };
		6ECA695219F5328000D1C185 /* edit-file.png in Resources */ = {isa = PBXBuildFile; fileRef = 6ECA695119F5328000D1C185 /* edit-file.png */; };
/* End PBXBuildFile section */

/* Begin PBXBuildRule section */
		6E509AED19F5F6AC0067A734 /* PBXBuildRule */ = {
			isa = PBXBuildRule;
			compilerSpec = com.apple.compilers.proxy.script;
			fileType = pattern.proxy;
			isEditable = 1;
			outputFiles = (
			);
		};
/* End PBXBuildRule section */

/* Begin PBXContainerItemProxy section */
		6EB34A5719F20633002C5F8D /* PBXContainerItemProxy */ = {
			isa = PBXContainerItemProxy;
			containerPortal = 6EB34A3519F20633002C5F8D /* Project object */;
			proxyType = 1;
			remoteGlobalIDString = 6EB34A3C19F20633002C5F8D;
			remoteInfo = PatientClient;
		};
/* End PBXContainerItemProxy section */

/* Begin PBXFileReference section */
		6E41031519F21050002F6ECE /* PCMainController.h */ = {isa = PBXFileReference; fileEncoding = 4; lastKnownFileType = sourcecode.c.h; path = PCMainController.h; sourceTree = "<group>"; };
		6E41031619F21050002F6ECE /* PCMainController.m */ = {isa = PBXFileReference; fileEncoding = 4; lastKnownFileType = sourcecode.c.objc; path = PCMainController.m; sourceTree = "<group>"; };
		6E7A6C4919F29F7F00D0F4D5 /* PCMainModel.h */ = {isa = PBXFileReference; fileEncoding = 4; lastKnownFileType = sourcecode.c.h; path = PCMainModel.h; sourceTree = "<group>"; };
		6E7A6C4A19F29F7F00D0F4D5 /* PCMainModel.m */ = {isa = PBXFileReference; fileEncoding = 4; lastKnownFileType = sourcecode.c.objc; path = PCMainModel.m; sourceTree = "<group>"; };
		6E7A6C4F19F2B1AA00D0F4D5 /* DrawerViewController.h */ = {isa = PBXFileReference; fileEncoding = 4; lastKnownFileType = sourcecode.c.h; path = DrawerViewController.h; sourceTree = "<group>"; };
		6E7A6C5019F2B1AA00D0F4D5 /* DrawerViewController.m */ = {isa = PBXFileReference; fileEncoding = 4; lastKnownFileType = sourcecode.c.objc; path = DrawerViewController.m; sourceTree = "<group>"; };
		6EB34A3D19F20633002C5F8D /* PatientClient.app */ = {isa = PBXFileReference; explicitFileType = wrapper.application; includeInIndex = 0; path = PatientClient.app; sourceTree = BUILT_PRODUCTS_DIR; };
		6EB34A4119F20633002C5F8D /* Info.plist */ = {isa = PBXFileReference; lastKnownFileType = text.plist.xml; path = Info.plist; sourceTree = "<group>"; };
		6EB34A4219F20633002C5F8D /* main.m */ = {isa = PBXFileReference; lastKnownFileType = sourcecode.c.objc; path = main.m; sourceTree = "<group>"; };
		6EB34A4419F20633002C5F8D /* AppDelegate.h */ = {isa = PBXFileReference; lastKnownFileType = sourcecode.c.h; path = AppDelegate.h; sourceTree = "<group>"; };
		6EB34A4519F20633002C5F8D /* AppDelegate.m */ = {isa = PBXFileReference; lastKnownFileType = sourcecode.c.objc; path = AppDelegate.m; sourceTree = "<group>"; };
		6EB34A4719F20633002C5F8D /* ViewController.h */ = {isa = PBXFileReference; lastKnownFileType = sourcecode.c.h; path = ViewController.h; sourceTree = "<group>"; };
		6EB34A4819F20633002C5F8D /* ViewController.m */ = {isa = PBXFileReference; lastKnownFileType = sourcecode.c.objc; path = ViewController.m; sourceTree = "<group>"; };
		6EB34A4B19F20633002C5F8D /* Base */ = {isa = PBXFileReference; lastKnownFileType = file.storyboard; name = Base; path = Base.lproj/Main.storyboard; sourceTree = "<group>"; };
		6EB34A4D19F20633002C5F8D /* Images.xcassets */ = {isa = PBXFileReference; lastKnownFileType = folder.assetcatalog; path = Images.xcassets; sourceTree = "<group>"; };
		6EB34A5019F20633002C5F8D /* Base */ = {isa = PBXFileReference; lastKnownFileType = file.xib; name = Base; path = Base.lproj/LaunchScreen.xib; sourceTree = "<group>"; };
		6EB34A5619F20633002C5F8D /* PatientClientTests.xctest */ = {isa = PBXFileReference; explicitFileType = wrapper.cfbundle; includeInIndex = 0; path = PatientClientTests.xctest; sourceTree = BUILT_PRODUCTS_DIR; };
		6EB34A5B19F20633002C5F8D /* Info.plist */ = {isa = PBXFileReference; lastKnownFileType = text.plist.xml; path = Info.plist; sourceTree = "<group>"; };
		6EB34A5C19F20633002C5F8D /* PatientClientTests.m */ = {isa = PBXFileReference; lastKnownFileType = sourcecode.c.objc; path = PatientClientTests.m; sourceTree = "<group>"; };
		6EB4E8F619F3AB0300262FBF /* HomeController.h */ = {isa = PBXFileReference; fileEncoding = 4; lastKnownFileType = sourcecode.c.h; path = HomeController.h; sourceTree = "<group>"; };
		6EB4E8F719F3AB0300262FBF /* HomeController.m */ = {isa = PBXFileReference; fileEncoding = 4; lastKnownFileType = sourcecode.c.objc; path = HomeController.m; sourceTree = "<group>"; };
		6ECA693119F4A45000D1C185 /* PersonCenterController.h */ = {isa = PBXFileReference; fileEncoding = 4; lastKnownFileType = sourcecode.c.h; path = PersonCenterController.h; sourceTree = "<group>"; };
		6ECA693219F4A45000D1C185 /* PersonCenterController.m */ = {isa = PBXFileReference; fileEncoding = 4; lastKnownFileType = sourcecode.c.objc; path = PersonCenterController.m; sourceTree = "<group>"; };
		6ECA693419F4A7C000D1C185 /* User.h */ = {isa = PBXFileReference; fileEncoding = 4; lastKnownFileType = sourcecode.c.h; path = User.h; sourceTree = "<group>"; };
		6ECA693519F4A7C000D1C185 /* User.m */ = {isa = PBXFileReference; fileEncoding = 4; lastKnownFileType = sourcecode.c.objc; path = User.m; sourceTree = "<group>"; };
		6ECA693819F4ABC100D1C185 /* navigationbar_pop.png */ = {isa = PBXFileReference; lastKnownFileType = image.png; path = navigationbar_pop.png; sourceTree = "<group>"; };
		6ECA693919F4ABC100D1C185 /* navigationbar_pop@2x.png */ = {isa = PBXFileReference; lastKnownFileType = image.png; path = "navigationbar_pop@2x.png"; sourceTree = "<group>"; };
		6ECA693A19F4ABC100D1C185 /* navigationbar_pop_highlighted.png */ = {isa = PBXFileReference; lastKnownFileType = image.png; path = navigationbar_pop_highlighted.png; sourceTree = "<group>"; };
		6ECA693B19F4ABC100D1C185 /* navigationbar_pop_highlighted@2x.png */ = {isa = PBXFileReference; lastKnownFileType = image.png; path = "navigationbar_pop_highlighted@2x.png"; sourceTree = "<group>"; };
		6ECA694119F4B86900D1C185 /* ditu_ic.png */ = {isa = PBXFileReference; lastKnownFileType = image.png; path = ditu_ic.png; sourceTree = "<group>"; };
		6ECA694319F4E32D00D1C185 /* LoginController.h */ = {isa = PBXFileReference; fileEncoding = 4; lastKnownFileType = sourcecode.c.h; path = LoginController.h; sourceTree = "<group>"; };
		6ECA694419F4E32D00D1C185 /* LoginController.m */ = {isa = PBXFileReference; fileEncoding = 4; lastKnownFileType = sourcecode.c.objc; path = LoginController.m; sourceTree = "<group>"; };
		6ECA694619F509AA00D1C185 /* AccountTool.h */ = {isa = PBXFileReference; fileEncoding = 4; lastKnownFileType = sourcecode.c.h; path = AccountTool.h; sourceTree = "<group>"; };
		6ECA694719F509AA00D1C185 /* AccountTool.m */ = {isa = PBXFileReference; fileEncoding = 4; lastKnownFileType = sourcecode.c.objc; path = AccountTool.m; sourceTree = "<group>"; };
		6ECA694919F509B900D1C185 /* Singleton.h */ = {isa = PBXFileReference; lastKnownFileType = sourcecode.c.h; path = Singleton.h; sourceTree = "<group>"; };
		6ECA694A19F509FC00D1C185 /* Account.h */ = {isa = PBXFileReference; fileEncoding = 4; lastKnownFileType = sourcecode.c.h; path = Account.h; sourceTree = "<group>"; };
		6ECA694B19F509FC00D1C185 /* Account.m */ = {isa = PBXFileReference; fileEncoding = 4; lastKnownFileType = sourcecode.c.objc; path = Account.m; sourceTree = "<group>"; };
		6ECA694E19F5267200D1C185 /* UserCell.h */ = {isa = PBXFileReference; fileEncoding = 4; lastKnownFileType = sourcecode.c.h; path = UserCell.h; sourceTree = "<group>"; };
		6ECA694F19F5267200D1C185 /* UserCell.m */ = {isa = PBXFileReference; fileEncoding = 4; lastKnownFileType = sourcecode.c.objc; path = UserCell.m; sourceTree = "<group>"; };
		6ECA695119F5328000D1C185 /* edit-file.png */ = {isa = PBXFileReference; lastKnownFileType = image.png; path = "edit-file.png"; sourceTree = "<group>"; };
/* End PBXFileReference section */

/* Begin PBXFrameworksBuildPhase section */
		6EB34A3A19F20633002C5F8D /* Frameworks */ = {
			isa = PBXFrameworksBuildPhase;
			buildActionMask = 2147483647;
			files = (
			);
			runOnlyForDeploymentPostprocessing = 0;
		};
		6EB34A5319F20633002C5F8D /* Frameworks */ = {
			isa = PBXFrameworksBuildPhase;
			buildActionMask = 2147483647;
			files = (
			);
			runOnlyForDeploymentPostprocessing = 0;
		};
/* End PBXFrameworksBuildPhase section */

/* Begin PBXGroup section */
		6E41030A19F20CC7002F6ECE /* Library */ = {
			isa = PBXGroup;
			children = (
			);
			name = Library;
			sourceTree = "<group>";
		};
		6E41030B19F20CD3002F6ECE /* Extension */ = {
			isa = PBXGroup;
			children = (
				6E7A6C4F19F2B1AA00D0F4D5 /* DrawerViewController.h */,
				6E7A6C5019F2B1AA00D0F4D5 /* DrawerViewController.m */,
			);
			name = Extension;
			sourceTree = "<group>";
		};
		6E41030C19F20CE4002F6ECE /* Data */ = {
			isa = PBXGroup;
			children = (
			);
			name = Data;
			sourceTree = "<group>";
		};
		6E41030D19F20CF6002F6ECE /* UI */ = {
			isa = PBXGroup;
			children = (
				6E41030F19F20D13002F6ECE /* ViewController */,
				6E41030E19F20D0A002F6ECE /* CoreUI */,
			);
			name = UI;
			sourceTree = "<group>";
		};
		6E41030E19F20D0A002F6ECE /* CoreUI */ = {
			isa = PBXGroup;
			children = (
			);
			name = CoreUI;
			sourceTree = "<group>";
		};
		6E41030F19F20D13002F6ECE /* ViewController */ = {
			isa = PBXGroup;
			children = (
				6E41031019F20D20002F6ECE /* 0_PCLogin */,
				6E41031119F20D2B002F6ECE /* 1_PCMainViewController */,
				6EB4E8F519F3AA3D00262FBF /* 2_HomeController */,
				6ECA693019F4A41900D1C185 /* 3_PersonCenter */,
			);
			name = ViewController;
			sourceTree = "<group>";
		};
		6E41031019F20D20002F6ECE /* 0_PCLogin */ = {
			isa = PBXGroup;
			children = (
				6ECA694919F509B900D1C185 /* Singleton.h */,
				6ECA694A19F509FC00D1C185 /* Account.h */,
				6ECA694B19F509FC00D1C185 /* Account.m */,
				6ECA694619F509AA00D1C185 /* AccountTool.h */,
				6ECA694719F509AA00D1C185 /* AccountTool.m */,
				6ECA694319F4E32D00D1C185 /* LoginController.h */,
				6ECA694419F4E32D00D1C185 /* LoginController.m */,
			);
			name = 0_PCLogin;
			sourceTree = "<group>";
		};
		6E41031119F20D2B002F6ECE /* 1_PCMainViewController */ = {
			isa = PBXGroup;
			children = (
				6E41031519F21050002F6ECE /* PCMainController.h */,
				6E41031619F21050002F6ECE /* PCMainController.m */,
				6E7A6C4919F29F7F00D0F4D5 /* PCMainModel.h */,
				6E7A6C4A19F29F7F00D0F4D5 /* PCMainModel.m */,
			);
			name = 1_PCMainViewController;
			sourceTree = "<group>";
		};
		6EB34A3419F20633002C5F8D = {
			isa = PBXGroup;
			children = (
				6EB34A3F19F20633002C5F8D /* PatientClient */,
				6EB34A5919F20633002C5F8D /* PatientClientTests */,
				6EB34A3E19F20633002C5F8D /* Products */,
			);
			sourceTree = "<group>";
		};
		6EB34A3E19F20633002C5F8D /* Products */ = {
			isa = PBXGroup;
			children = (
				6EB34A3D19F20633002C5F8D /* PatientClient.app */,
				6EB34A5619F20633002C5F8D /* PatientClientTests.xctest */,
			);
			name = Products;
			sourceTree = "<group>";
		};
		6EB34A3F19F20633002C5F8D /* PatientClient */ = {
			isa = PBXGroup;
			children = (
				6EB34A4419F20633002C5F8D /* AppDelegate.h */,
				6EB34A4519F20633002C5F8D /* AppDelegate.m */,
				6EB34A4719F20633002C5F8D /* ViewController.h */,
				6EB34A4819F20633002C5F8D /* ViewController.m */,
				6EB34A4A19F20633002C5F8D /* Main.storyboard */,
				6EB34A4D19F20633002C5F8D /* Images.xcassets */,
				6EB34A4F19F20633002C5F8D /* LaunchScreen.xib */,
				6EB34A6619F20659002C5F8D /* Classes */,
				6EB34A4019F20633002C5F8D /* Supporting Files */,
			);
			path = PatientClient;
			sourceTree = "<group>";
		};
		6EB34A4019F20633002C5F8D /* Supporting Files */ = {
			isa = PBXGroup;
			children = (
				6EB4E8EB19F3AA2200262FBF /* Resource */,
				6EB34A4119F20633002C5F8D /* Info.plist */,
				6EB34A4219F20633002C5F8D /* main.m */,
			);
			name = "Supporting Files";
			sourceTree = "<group>";
		};
		6EB34A5919F20633002C5F8D /* PatientClientTests */ = {
			isa = PBXGroup;
			children = (
				6EB34A5C19F20633002C5F8D /* PatientClientTests.m */,
				6EB34A5A19F20633002C5F8D /* Supporting Files */,
			);
			path = PatientClientTests;
			sourceTree = "<group>";
		};
		6EB34A5A19F20633002C5F8D /* Supporting Files */ = {
			isa = PBXGroup;
			children = (
				6EB34A5B19F20633002C5F8D /* Info.plist */,
			);
			name = "Supporting Files";
			sourceTree = "<group>";
		};
		6EB34A6619F20659002C5F8D /* Classes */ = {
			isa = PBXGroup;
			children = (
				6E41030A19F20CC7002F6ECE /* Library */,
				6E41030B19F20CD3002F6ECE /* Extension */,
				6E41030D19F20CF6002F6ECE /* UI */,
				6E41030C19F20CE4002F6ECE /* Data */,
			);
			name = Classes;
			sourceTree = "<group>";
		};
		6EB4E8EB19F3AA2200262FBF /* Resource */ = {
			isa = PBXGroup;
			children = (
				6ECA694019F4B86900D1C185 /* PersonCenter */,
				6ECA693719F4ABC100D1C185 /* Home */,
			);
			path = Resource;
			sourceTree = "<group>";
		};
		6EB4E8F519F3AA3D00262FBF /* 2_HomeController */ = {
			isa = PBXGroup;
			children = (
				6EB4E8F619F3AB0300262FBF /* HomeController.h */,
				6EB4E8F719F3AB0300262FBF /* HomeController.m */,
			);
			name = 2_HomeController;
			sourceTree = "<group>";
		};
		6ECA693019F4A41900D1C185 /* 3_PersonCenter */ = {
			isa = PBXGroup;
			children = (
				6ECA693119F4A45000D1C185 /* PersonCenterController.h */,
				6ECA693219F4A45000D1C185 /* PersonCenterController.m */,
				6ECA693419F4A7C000D1C185 /* User.h */,
				6ECA693519F4A7C000D1C185 /* User.m */,
				6ECA694E19F5267200D1C185 /* UserCell.h */,
				6ECA694F19F5267200D1C185 /* UserCell.m */,
			);
			name = 3_PersonCenter;
			sourceTree = "<group>";
		};
		6ECA693719F4ABC100D1C185 /* Home */ = {
			isa = PBXGroup;
			children = (
				6ECA693819F4ABC100D1C185 /* navigationbar_pop.png */,
				6ECA693919F4ABC100D1C185 /* navigationbar_pop@2x.png */,
				6ECA693A19F4ABC100D1C185 /* navigationbar_pop_highlighted.png */,
				6ECA693B19F4ABC100D1C185 /* navigationbar_pop_highlighted@2x.png */,
			);
			path = Home;
			sourceTree = "<group>";
		};
		6ECA694019F4B86900D1C185 /* PersonCenter */ = {
			isa = PBXGroup;
			children = (
				6ECA694119F4B86900D1C185 /* ditu_ic.png */,
				6ECA695119F5328000D1C185 /* edit-file.png */,
			);
			path = PersonCenter;
			sourceTree = "<group>";
		};
/* End PBXGroup section */

/* Begin PBXNativeTarget section */
		6EB34A3C19F20633002C5F8D /* PatientClient */ = {
			isa = PBXNativeTarget;
			buildConfigurationList = 6EB34A6019F20633002C5F8D /* Build configuration list for PBXNativeTarget "PatientClient" */;
			buildPhases = (
				6EB34A3919F20633002C5F8D /* Sources */,
				6EB34A3A19F20633002C5F8D /* Frameworks */,
				6EB34A3B19F20633002C5F8D /* Resources */,
			);
			buildRules = (
				6E509AED19F5F6AC0067A734 /* PBXBuildRule */,
			);
			dependencies = (
			);
			name = PatientClient;
			productName = PatientClient;
			productReference = 6EB34A3D19F20633002C5F8D /* PatientClient.app */;
			productType = "com.apple.product-type.application";
		};
		6EB34A5519F20633002C5F8D /* PatientClientTests */ = {
			isa = PBXNativeTarget;
			buildConfigurationList = 6EB34A6319F20633002C5F8D /* Build configuration list for PBXNativeTarget "PatientClientTests" */;
			buildPhases = (
				6EB34A5219F20633002C5F8D /* Sources */,
				6EB34A5319F20633002C5F8D /* Frameworks */,
				6EB34A5419F20633002C5F8D /* Resources */,
			);
			buildRules = (
			);
			dependencies = (
				6EB34A5819F20633002C5F8D /* PBXTargetDependency */,
			);
			name = PatientClientTests;
			productName = PatientClientTests;
			productReference = 6EB34A5619F20633002C5F8D /* PatientClientTests.xctest */;
			productType = "com.apple.product-type.bundle.unit-test";
		};
/* End PBXNativeTarget section */

/* Begin PBXProject section */
		6EB34A3519F20633002C5F8D /* Project object */ = {
			isa = PBXProject;
			attributes = {
				LastUpgradeCheck = 0600;
				ORGANIZATIONNAME = duan;
				TargetAttributes = {
					6EB34A3C19F20633002C5F8D = {
						CreatedOnToolsVersion = 6.0.1;
					};
					6EB34A5519F20633002C5F8D = {
						CreatedOnToolsVersion = 6.0.1;
						TestTargetID = 6EB34A3C19F20633002C5F8D;
					};
				};
			};
			buildConfigurationList = 6EB34A3819F20633002C5F8D /* Build configuration list for PBXProject "PatientClient" */;
			compatibilityVersion = "Xcode 3.2";
			developmentRegion = English;
			hasScannedForEncodings = 0;
			knownRegions = (
				en,
				Base,
			);
			mainGroup = 6EB34A3419F20633002C5F8D;
			productRefGroup = 6EB34A3E19F20633002C5F8D /* Products */;
			projectDirPath = "";
			projectRoot = "";
			targets = (
				6EB34A3C19F20633002C5F8D /* PatientClient */,
				6EB34A5519F20633002C5F8D /* PatientClientTests */,
			);
		};
/* End PBXProject section */

/* Begin PBXResourcesBuildPhase section */
		6EB34A3B19F20633002C5F8D /* Resources */ = {
			isa = PBXResourcesBuildPhase;
			buildActionMask = 2147483647;
			files = (
				6EB34A4C19F20633002C5F8D /* Main.storyboard in Resources */,
				6ECA693D19F4ABC100D1C185 /* navigationbar_pop@2x.png in Resources */,
				6EB34A5119F20633002C5F8D /* LaunchScreen.xib in Resources */,
				6EB34A4E19F20633002C5F8D /* Images.xcassets in Resources */,
				6ECA693F19F4ABC100D1C185 /* navigationbar_pop_highlighted@2x.png in Resources */,
				6ECA695219F5328000D1C185 /* edit-file.png in Resources */,
				6ECA693C19F4ABC100D1C185 /* navigationbar_pop.png in Resources */,
				6ECA693E19F4ABC100D1C185 /* navigationbar_pop_highlighted.png in Resources */,
				6ECA694219F4B86900D1C185 /* ditu_ic.png in Resources */,
			);
			runOnlyForDeploymentPostprocessing = 0;
		};
		6EB34A5419F20633002C5F8D /* Resources */ = {
			isa = PBXResourcesBuildPhase;
			buildActionMask = 2147483647;
			files = (
			);
			runOnlyForDeploymentPostprocessing = 0;
		};
/* End PBXResourcesBuildPhase section */

/* Begin PBXSourcesBuildPhase section */
		6EB34A3919F20633002C5F8D /* Sources */ = {
			isa = PBXSourcesBuildPhase;
			buildActionMask = 2147483647;
			files = (
				6EB34A4919F20633002C5F8D /* ViewController.m in Sources */,
				6EB4E8F819F3AB0300262FBF /* HomeController.m in Sources */,
				6ECA693619F4A7C000D1C185 /* User.m in Sources */,
				6ECA694819F509AA00D1C185 /* AccountTool.m in Sources */,
				6E41031719F21050002F6ECE /* PCMainController.m in Sources */,
				6EB34A4619F20633002C5F8D /* AppDelegate.m in Sources */,
				6ECA694519F4E32D00D1C185 /* LoginController.m in Sources */,
				6E7A6C5119F2B1AA00D0F4D5 /* DrawerViewController.m in Sources */,
				6EB34A4319F20633002C5F8D /* main.m in Sources */,
				6ECA694C19F509FC00D1C185 /* Account.m in Sources */,
				6E7A6C4B19F29F7F00D0F4D5 /* PCMainModel.m in Sources */,
				6ECA693319F4A45000D1C185 /* PersonCenterController.m in Sources */,
				6ECA695019F5267200D1C185 /* UserCell.m in Sources */,
			);
			runOnlyForDeploymentPostprocessing = 0;
		};
		6EB34A5219F20633002C5F8D /* Sources */ = {
			isa = PBXSourcesBuildPhase;
			buildActionMask = 2147483647;
			files = (
				6EB34A5D19F20633002C5F8D /* PatientClientTests.m in Sources */,
			);
			runOnlyForDeploymentPostprocessing = 0;
		};
/* End PBXSourcesBuildPhase section */

/* Begin PBXTargetDependency section */
		6EB34A5819F20633002C5F8D /* PBXTargetDependency */ = {
			isa = PBXTargetDependency;
			target = 6EB34A3C19F20633002C5F8D /* PatientClient */;
			targetProxy = 6EB34A5719F20633002C5F8D /* PBXContainerItemProxy */;
		};
/* End PBXTargetDependency section */

/* Begin PBXVariantGroup section */
		6EB34A4A19F20633002C5F8D /* Main.storyboard */ = {
			isa = PBXVariantGroup;
			children = (
				6EB34A4B19F20633002C5F8D /* Base */,
			);
			name = Main.storyboard;
			sourceTree = "<group>";
		};
		6EB34A4F19F20633002C5F8D /* LaunchScreen.xib */ = {
			isa = PBXVariantGroup;
			children = (
				6EB34A5019F20633002C5F8D /* Base */,
			);
			name = LaunchScreen.xib;
			sourceTree = "<group>";
		};
/* End PBXVariantGroup section */

/* Begin XCBuildConfiguration section */
		6EB34A5E19F20633002C5F8D /* Debug */ = {
			isa = XCBuildConfiguration;
			buildSettings = {
				ALWAYS_SEARCH_USER_PATHS = NO;
				CLANG_CXX_LANGUAGE_STANDARD = "gnu++0x";
				CLANG_CXX_LIBRARY = "libc++";
				CLANG_ENABLE_MODULES = YES;
				CLANG_ENABLE_OBJC_ARC = YES;
				CLANG_WARN_BOOL_CONVERSION = YES;
				CLANG_WARN_CONSTANT_CONVERSION = YES;
				CLANG_WARN_DIRECT_OBJC_ISA_USAGE = YES_ERROR;
				CLANG_WARN_EMPTY_BODY = YES;
				CLANG_WARN_ENUM_CONVERSION = YES;
				CLANG_WARN_INT_CONVERSION = YES;
				CLANG_WARN_OBJC_ROOT_CLASS = YES_ERROR;
				CLANG_WARN_UNREACHABLE_CODE = YES;
				CLANG_WARN__DUPLICATE_METHOD_MATCH = YES;
				"CODE_SIGN_IDENTITY[sdk=iphoneos*]" = "iPhone Developer";
				COPY_PHASE_STRIP = NO;
				ENABLE_STRICT_OBJC_MSGSEND = YES;
				GCC_C_LANGUAGE_STANDARD = gnu99;
				GCC_DYNAMIC_NO_PIC = NO;
				GCC_OPTIMIZATION_LEVEL = 0;
				GCC_PREPROCESSOR_DEFINITIONS = (
					"DEBUG=1",
					"$(inherited)",
				);
				GCC_SYMBOLS_PRIVATE_EXTERN = NO;
				GCC_WARN_64_TO_32_BIT_CONVERSION = YES;
				GCC_WARN_ABOUT_RETURN_TYPE = YES_ERROR;
				GCC_WARN_UNDECLARED_SELECTOR = YES;
				GCC_WARN_UNINITIALIZED_AUTOS = YES_AGGRESSIVE;
				GCC_WARN_UNUSED_FUNCTION = YES;
				GCC_WARN_UNUSED_VARIABLE = YES;
				IPHONEOS_DEPLOYMENT_TARGET = 8.0;
				MTL_ENABLE_DEBUG_INFO = YES;
				ONLY_ACTIVE_ARCH = YES;
				SDKROOT = iphoneos;
			};
			name = Debug;
		};
		6EB34A5F19F20633002C5F8D /* Release */ = {
			isa = XCBuildConfiguration;
			buildSettings = {
				ALWAYS_SEARCH_USER_PATHS = NO;
				CLANG_CXX_LANGUAGE_STANDARD = "gnu++0x";
				CLANG_CXX_LIBRARY = "libc++";
				CLANG_ENABLE_MODULES = YES;
				CLANG_ENABLE_OBJC_ARC = YES;
				CLANG_WARN_BOOL_CONVERSION = YES;
				CLANG_WARN_CONSTANT_CONVERSION = YES;
				CLANG_WARN_DIRECT_OBJC_ISA_USAGE = YES_ERROR;
				CLANG_WARN_EMPTY_BODY = YES;
				CLANG_WARN_ENUM_CONVERSION = YES;
				CLANG_WARN_INT_CONVERSION = YES;
				CLANG_WARN_OBJC_ROOT_CLASS = YES_ERROR;
				CLANG_WARN_UNREACHABLE_CODE = YES;
				CLANG_WARN__DUPLICATE_METHOD_MATCH = YES;
				"CODE_SIGN_IDENTITY[sdk=iphoneos*]" = "iPhone Developer";
				COPY_PHASE_STRIP = YES;
				ENABLE_NS_ASSERTIONS = NO;
				ENABLE_STRICT_OBJC_MSGSEND = YES;
				GCC_C_LANGUAGE_STANDARD = gnu99;
				GCC_WARN_64_TO_32_BIT_CONVERSION = YES;
				GCC_WARN_ABOUT_RETURN_TYPE = YES_ERROR;
				GCC_WARN_UNDECLARED_SELECTOR = YES;
				GCC_WARN_UNINITIALIZED_AUTOS = YES_AGGRESSIVE;
				GCC_WARN_UNUSED_FUNCTION = YES;
				GCC_WARN_UNUSED_VARIABLE = YES;
				IPHONEOS_DEPLOYMENT_TARGET = 8.0;
				MTL_ENABLE_DEBUG_INFO = NO;
				SDKROOT = iphoneos;
				VALIDATE_PRODUCT = YES;
			};
			name = Release;
		};
		6EB34A6119F20633002C5F8D /* Debug */ = {
			isa = XCBuildConfiguration;
			buildSettings = {
				ASSETCATALOG_COMPILER_APPICON_NAME = AppIcon;
				INFOPLIST_FILE = PatientClient/Info.plist;
				LD_RUNPATH_SEARCH_PATHS = "$(inherited) @executable_path/Frameworks";
				PRODUCT_NAME = "$(TARGET_NAME)";
			};
			name = Debug;
		};
		6EB34A6219F20633002C5F8D /* Release */ = {
			isa = XCBuildConfiguration;
			buildSettings = {
				ASSETCATALOG_COMPILER_APPICON_NAME = AppIcon;
				INFOPLIST_FILE = PatientClient/Info.plist;
				LD_RUNPATH_SEARCH_PATHS = "$(inherited) @executable_path/Frameworks";
				PRODUCT_NAME = "$(TARGET_NAME)";
			};
			name = Release;
		};
		6EB34A6419F20633002C5F8D /* Debug */ = {
			isa = XCBuildConfiguration;
			buildSettings = {
				BUNDLE_LOADER = "$(TEST_HOST)";
				FRAMEWORK_SEARCH_PATHS = (
					"$(SDKROOT)/Developer/Library/Frameworks",
					"$(inherited)",
				);
				GCC_PREPROCESSOR_DEFINITIONS = (
					"DEBUG=1",
					"$(inherited)",
				);
				INFOPLIST_FILE = PatientClientTests/Info.plist;
				LD_RUNPATH_SEARCH_PATHS = "$(inherited) @executable_path/Frameworks @loader_path/Frameworks";
				PRODUCT_NAME = "$(TARGET_NAME)";
				TEST_HOST = "$(BUILT_PRODUCTS_DIR)/PatientClient.app/PatientClient";
			};
			name = Debug;
		};
		6EB34A6519F20633002C5F8D /* Release */ = {
			isa = XCBuildConfiguration;
			buildSettings = {
				BUNDLE_LOADER = "$(TEST_HOST)";
				FRAMEWORK_SEARCH_PATHS = (
					"$(SDKROOT)/Developer/Library/Frameworks",
					"$(inherited)",
				);
				INFOPLIST_FILE = PatientClientTests/Info.plist;
				LD_RUNPATH_SEARCH_PATHS = "$(inherited) @executable_path/Frameworks @loader_path/Frameworks";
				PRODUCT_NAME = "$(TARGET_NAME)";
				TEST_HOST = "$(BUILT_PRODUCTS_DIR)/PatientClient.app/PatientClient";
			};
			name = Release;
		};
/* End XCBuildConfiguration section */

/* Begin XCConfigurationList section */
		6EB34A3819F20633002C5F8D /* Build configuration list for PBXProject "PatientClient" */ = {
			isa = XCConfigurationList;
			buildConfigurations = (
				6EB34A5E19F20633002C5F8D /* Debug */,
				6EB34A5F19F20633002C5F8D /* Release */,
			);
			defaultConfigurationIsVisible = 0;
			defaultConfigurationName = Release;
		};
		6EB34A6019F20633002C5F8D /* Build configuration list for PBXNativeTarget "PatientClient" */ = {
			isa = XCConfigurationList;
			buildConfigurations = (
				6EB34A6119F20633002C5F8D /* Debug */,
				6EB34A6219F20633002C5F8D /* Release */,
			);
			defaultConfigurationIsVisible = 0;
			defaultConfigurationName = Release;
		};
		6EB34A6319F20633002C5F8D /* Build configuration list for PBXNativeTarget "PatientClientTests" */ = {
			isa = XCConfigurationList;
			buildConfigurations = (
				6EB34A6419F20633002C5F8D /* Debug */,
				6EB34A6519F20633002C5F8D /* Release */,
			);
			defaultConfigurationIsVisible = 0;
			defaultConfigurationName = Release;
		};
/* End XCConfigurationList section */
	};
	rootObject = 6EB34A3519F20633002C5F8D /* Project object */;
}
